// !$*UTF8*$!
{
	archiveVersion = 1;
	classes = {
	};
	objectVersion = 51;
	objects = {

/* Begin PBXBuildFile section */
		3D425952245F88E000F2B174 /* FeedViewController.swift in Sources */ = {isa = PBXBuildFile; fileRef = 3D425951245F88E000F2B174 /* FeedViewController.swift */; };
		3D425954245F88F200F2B174 /* UploadViewController.swift in Sources */ = {isa = PBXBuildFile; fileRef = 3D425953245F88F200F2B174 /* UploadViewController.swift */; };
		3D425956245F891400F2B174 /* SettingsViewController.swift in Sources */ = {isa = PBXBuildFile; fileRef = 3D425955245F891400F2B174 /* SettingsViewController.swift */; };
		3D5D832B245E2EDA00C60AD3 /* AppDelegate.swift in Sources */ = {isa = PBXBuildFile; fileRef = 3D5D832A245E2EDA00C60AD3 /* AppDelegate.swift */; };
		3D5D832D245E2EDA00C60AD3 /* SceneDelegate.swift in Sources */ = {isa = PBXBuildFile; fileRef = 3D5D832C245E2EDA00C60AD3 /* SceneDelegate.swift */; };
		3D5D832F245E2EDA00C60AD3 /* ViewController.swift in Sources */ = {isa = PBXBuildFile; fileRef = 3D5D832E245E2EDA00C60AD3 /* ViewController.swift */; };
		3D5D8332245E2EDA00C60AD3 /* Main.storyboard in Resources */ = {isa = PBXBuildFile; fileRef = 3D5D8330245E2EDA00C60AD3 /* Main.storyboard */; };
		3D5D8334245E2EDE00C60AD3 /* Assets.xcassets in Resources */ = {isa = PBXBuildFile; fileRef = 3D5D8333245E2EDE00C60AD3 /* Assets.xcassets */; };
		3D5D8337245E2EDE00C60AD3 /* LaunchScreen.storyboard in Resources */ = {isa = PBXBuildFile; fileRef = 3D5D8335245E2EDE00C60AD3 /* LaunchScreen.storyboard */; };
		3D5D833F245E385A00C60AD3 /* GoogleService-Info.plist in Resources */ = {isa = PBXBuildFile; fileRef = 3D5D833E245E385A00C60AD3 /* GoogleService-Info.plist */; };
		59B5F0872A2005D77661097A /* Pods_InstagramCloneIOS.framework in Frameworks */ = {isa = PBXBuildFile; fileRef = 92F69AA0FBA5E34D84A1AC55 /* Pods_InstagramCloneIOS.framework */; };
/* End PBXBuildFile section */

/* Begin PBXFileReference section */
		3D425951245F88E000F2B174 /* FeedViewController.swift */ = {isa = PBXFileReference; lastKnownFileType = sourcecode.swift; path = FeedViewController.swift; sourceTree = "<group>"; };
		3D425953245F88F200F2B174 /* UploadViewController.swift */ = {isa = PBXFileReference; lastKnownFileType = sourcecode.swift; path = UploadViewController.swift; sourceTree = "<group>"; };
		3D425955245F891400F2B174 /* SettingsViewController.swift */ = {isa = PBXFileReference; lastKnownFileType = sourcecode.swift; path = SettingsViewController.swift; sourceTree = "<group>"; };
		3D5D8327245E2EDA00C60AD3 /* InstagramCloneIOS.app */ = {isa = PBXFileReference; explicitFileType = wrapper.application; includeInIndex = 0; path = InstagramCloneIOS.app; sourceTree = BUILT_PRODUCTS_DIR; };
		3D5D832A245E2EDA00C60AD3 /* AppDelegate.swift */ = {isa = PBXFileReference; lastKnownFileType = sourcecode.swift; path = AppDelegate.swift; sourceTree = "<group>"; };
		3D5D832C245E2EDA00C60AD3 /* SceneDelegate.swift */ = {isa = PBXFileReference; lastKnownFileType = sourcecode.swift; path = SceneDelegate.swift; sourceTree = "<group>"; };
		3D5D832E245E2EDA00C60AD3 /* ViewController.swift */ = {isa = PBXFileReference; lastKnownFileType = sourcecode.swift; path = ViewController.swift; sourceTree = "<group>"; };
		3D5D8331245E2EDA00C60AD3 /* Base */ = {isa = PBXFileReference; lastKnownFileType = file.storyboard; name = Base; path = Base.lproj/Main.storyboard; sourceTree = "<group>"; };
		3D5D8333245E2EDE00C60AD3 /* Assets.xcassets */ = {isa = PBXFileReference; lastKnownFileType = folder.assetcatalog; path = Assets.xcassets; sourceTree = "<group>"; };
		3D5D8336245E2EDE00C60AD3 /* Base */ = {isa = PBXFileReference; lastKnownFileType = file.storyboard; name = Base; path = Base.lproj/LaunchScreen.storyboard; sourceTree = "<group>"; };
		3D5D8338245E2EDE00C60AD3 /* Info.plist */ = {isa = PBXFileReference; lastKnownFileType = text.plist.xml; path = Info.plist; sourceTree = "<group>"; };
		3D5D833E245E385A00C60AD3 /* GoogleService-Info.plist */ = {isa = PBXFileReference; fileEncoding = 4; lastKnownFileType = text.plist.xml; path = "GoogleService-Info.plist"; sourceTree = "<group>"; };
		4457CD6A58110F4CA3CC59F6 /* Pods-InstagramCloneIOS.debug.xcconfig */ = {isa = PBXFileReference; includeInIndex = 1; lastKnownFileType = text.xcconfig; name = "Pods-InstagramCloneIOS.debug.xcconfig"; path = "Target Support Files/Pods-InstagramCloneIOS/Pods-InstagramCloneIOS.debug.xcconfig"; sourceTree = "<group>"; };
		92F69AA0FBA5E34D84A1AC55 /* Pods_InstagramCloneIOS.framework */ = {isa = PBXFileReference; explicitFileType = wrapper.framework; includeInIndex = 0; path = Pods_InstagramCloneIOS.framework; sourceTree = BUILT_PRODUCTS_DIR; };
		A7A61FC26CE470FB0163F898 /* Pods-InstagramCloneIOS.release.xcconfig */ = {isa = PBXFileReference; includeInIndex = 1; lastKnownFileType = text.xcconfig; name = "Pods-InstagramCloneIOS.release.xcconfig"; path = "Target Support Files/Pods-InstagramCloneIOS/Pods-InstagramCloneIOS.release.xcconfig"; sourceTree = "<group>"; };
/* End PBXFileReference section */

/* Begin PBXFrameworksBuildPhase section */
		3D5D8324245E2ED900C60AD3 /* Frameworks */ = {
			isa = PBXFrameworksBuildPhase;
			buildActionMask = 2147483647;
			files = (
				59B5F0872A2005D77661097A /* Pods_InstagramCloneIOS.framework in Frameworks */,
			);
			runOnlyForDeploymentPostprocessing = 0;
		};
/* End PBXFrameworksBuildPhase section */

/* Begin PBXGroup section */
		04AAD023274FEE646388547B /* Frameworks */ = {
			isa = PBXGroup;
			children = (
				92F69AA0FBA5E34D84A1AC55 /* Pods_InstagramCloneIOS.framework */,
			);
			name = Frameworks;
			sourceTree = "<group>";
		};
		3D5D831E245E2ED900C60AD3 = {
			isa = PBXGroup;
			children = (
				3D5D8329245E2EDA00C60AD3 /* InstagramCloneIOS */,
				3D5D8328245E2EDA00C60AD3 /* Products */,
				730E055AD3A43AA7575CED8D /* Pods */,
				04AAD023274FEE646388547B /* Frameworks */,
			);
			sourceTree = "<group>";
		};
		3D5D8328245E2EDA00C60AD3 /* Products */ = {
			isa = PBXGroup;
			children = (
				3D5D8327245E2EDA00C60AD3 /* InstagramCloneIOS.app */,
			);
			name = Products;
			sourceTree = "<group>";
		};
		3D5D8329245E2EDA00C60AD3 /* InstagramCloneIOS */ = {
			isa = PBXGroup;
			children = (
				3D5D832A245E2EDA00C60AD3 /* AppDelegate.swift */,
				3D5D832C245E2EDA00C60AD3 /* SceneDelegate.swift */,
				3D5D832E245E2EDA00C60AD3 /* ViewController.swift */,
				3D5D8330245E2EDA00C60AD3 /* Main.storyboard */,
				3D5D8333245E2EDE00C60AD3 /* Assets.xcassets */,
				3D5D833E245E385A00C60AD3 /* GoogleService-Info.plist */,
				3D5D8335245E2EDE00C60AD3 /* LaunchScreen.storyboard */,
				3D5D8338245E2EDE00C60AD3 /* Info.plist */,
				3D425951245F88E000F2B174 /* FeedViewController.swift */,
				3D425953245F88F200F2B174 /* UploadViewController.swift */,
				3D425955245F891400F2B174 /* SettingsViewController.swift */,
			);
			path = InstagramCloneIOS;
			sourceTree = "<group>";
		};
		730E055AD3A43AA7575CED8D /* Pods */ = {
			isa = PBXGroup;
			children = (
				4457CD6A58110F4CA3CC59F6 /* Pods-InstagramCloneIOS.debug.xcconfig */,
				A7A61FC26CE470FB0163F898 /* Pods-InstagramCloneIOS.release.xcconfig */,
			);
			path = Pods;
			sourceTree = "<group>";
		};
/* End PBXGroup section */

/* Begin PBXNativeTarget section */
		3D5D8326245E2ED900C60AD3 /* InstagramCloneIOS */ = {
			isa = PBXNativeTarget;
			buildConfigurationList = 3D5D833B245E2EDE00C60AD3 /* Build configuration list for PBXNativeTarget "InstagramCloneIOS" */;
			buildPhases = (
				EA628A3FD99C5AF31C7F1579 /* [CP] Check Pods Manifest.lock */,
				3D5D8323245E2ED900C60AD3 /* Sources */,
				3D5D8324245E2ED900C60AD3 /* Frameworks */,
				3D5D8325245E2ED900C60AD3 /* Resources */,
				FF3D2BA569F43D162E7419D0 /* [CP] Embed Pods Frameworks */,
			);
			buildRules = (
			);
			dependencies = (
			);
			name = InstagramCloneIOS;
			productName = InstagramCloneIOS;
			productReference = 3D5D8327245E2EDA00C60AD3 /* InstagramCloneIOS.app */;
			productType = "com.apple.product-type.application";
		};
/* End PBXNativeTarget section */

/* Begin PBXProject section */
		3D5D831F245E2ED900C60AD3 /* Project object */ = {
			isa = PBXProject;
			attributes = {
				LastSwiftUpdateCheck = 1140;
				LastUpgradeCheck = 1140;
				ORGANIZATIONNAME = "Okan Serdaroğlu";
				TargetAttributes = {
					3D5D8326245E2ED900C60AD3 = {
						CreatedOnToolsVersion = 11.4;
					};
				};
			};
			buildConfigurationList = 3D5D8322245E2ED900C60AD3 /* Build configuration list for PBXProject "InstagramCloneIOS" */;
			compatibilityVersion = "Xcode 9.3";
			developmentRegion = en;
			hasScannedForEncodings = 0;
			knownRegions = (
				en,
				Base,
			);
			mainGroup = 3D5D831E245E2ED900C60AD3;
			productRefGroup = 3D5D8328245E2EDA00C60AD3 /* Products */;
			projectDirPath = "";
			projectRoot = "";
			targets = (
				3D5D8326245E2ED900C60AD3 /* InstagramCloneIOS */,
			);
		};
/* End PBXProject section */

/* Begin PBXResourcesBuildPhase section */
		3D5D8325245E2ED900C60AD3 /* Resources */ = {
			isa = PBXResourcesBuildPhase;
			buildActionMask = 2147483647;
			files = (
				3D5D8337245E2EDE00C60AD3 /* LaunchScreen.storyboard in Resources */,
				3D5D833F245E385A00C60AD3 /* GoogleService-Info.plist in Resources */,
				3D5D8334245E2EDE00C60AD3 /* Assets.xcassets in Resources */,
				3D5D8332245E2EDA00C60AD3 /* Main.storyboard in Resources */,
			);
			runOnlyForDeploymentPostprocessing = 0;
		};
/* End PBXResourcesBuildPhase section */

/* Begin PBXShellScriptBuildPhase section */
		EA628A3FD99C5AF31C7F1579 /* [CP] Check Pods Manifest.lock */ = {
			isa = PBXShellScriptBuildPhase;
			buildActionMask = 2147483647;
			files = (
			);
			inputFileListPaths = (
			);
			inputPaths = (
				"${PODS_PODFILE_DIR_PATH}/Podfile.lock",
				"${PODS_ROOT}/Manifest.lock",
			);
			name = "[CP] Check Pods Manifest.lock";
			outputFileListPaths = (
			);
			outputPaths = (
				"$(DERIVED_FILE_DIR)/Pods-InstagramCloneIOS-checkManifestLockResult.txt",
			);
			runOnlyForDeploymentPostprocessing = 0;
			shellPath = /bin/sh;
			shellScript = "diff \"${PODS_PODFILE_DIR_PATH}/Podfile.lock\" \"${PODS_ROOT}/Manifest.lock\" > /dev/null\nif [ $? != 0 ] ; then\n    # print error to STDERR\n    echo \"error: The sandbox is not in sync with the Podfile.lock. Run 'pod install' or update your CocoaPods installation.\" >&2\n    exit 1\nfi\n# This output is used by Xcode 'outputs' to avoid re-running this script phase.\necho \"SUCCESS\" > \"${SCRIPT_OUTPUT_FILE_0}\"\n";
			showEnvVarsInLog = 0;
		};
		FF3D2BA569F43D162E7419D0 /* [CP] Embed Pods Frameworks */ = {
			isa = PBXShellScriptBuildPhase;
			buildActionMask = 2147483647;
			files = (
			);
			inputFileListPaths = (
				"${PODS_ROOT}/Target Support Files/Pods-InstagramCloneIOS/Pods-InstagramCloneIOS-frameworks-${CONFIGURATION}-input-files.xcfilelist",
			);
			name = "[CP] Embed Pods Frameworks";
			outputFileListPaths = (
				"${PODS_ROOT}/Target Support Files/Pods-InstagramCloneIOS/Pods-InstagramCloneIOS-frameworks-${CONFIGURATION}-output-files.xcfilelist",
			);
			runOnlyForDeploymentPostprocessing = 0;
			shellPath = /bin/sh;
			shellScript = "\"${PODS_ROOT}/Target Support Files/Pods-InstagramCloneIOS/Pods-InstagramCloneIOS-frameworks.sh\"\n";
			showEnvVarsInLog = 0;
		};
/* End PBXShellScriptBuildPhase section */

/* Begin PBXSourcesBuildPhase section */
		3D5D8323245E2ED900C60AD3 /* Sources */ = {
			isa = PBXSourcesBuildPhase;
			buildActionMask = 2147483647;
			files = (
				3D5D832F245E2EDA00C60AD3 /* ViewController.swift in Sources */,
				3D425954245F88F200F2B174 /* UploadViewController.swift in Sources */,
				3D5D832B245E2EDA00C60AD3 /* AppDelegate.swift in Sources */,
				3D425952245F88E000F2B174 /* FeedViewController.swift in Sources */,
				3D5D832D245E2EDA00C60AD3 /* SceneDelegate.swift in Sources */,
				3D425956245F891400F2B174 /* SettingsViewController.swift in Sources */,
			);
			runOnlyForDeploymentPostprocessing = 0;
		};
/* End PBXSourcesBuildPhase section */

/* Begin PBXVariantGroup section */
		3D5D8330245E2EDA00C60AD3 /* Main.storyboard */ = {
			isa = PBXVariantGroup;
			children = (
				3D5D8331245E2EDA00C60AD3 /* Base */,
			);
			name = Main.storyboard;
			sourceTree = "<group>";
		};
		3D5D8335245E2EDE00C60AD3 /* LaunchScreen.storyboard */ = {
			isa = PBXVariantGroup;
			children = (
				3D5D8336245E2EDE00C60AD3 /* Base */,
			);
			name = LaunchScreen.storyboard;
			sourceTree = "<group>";
		};
/* End PBXVariantGroup section */

/* Begin XCBuildConfiguration section */
		3D5D8339245E2EDE00C60AD3 /* Debug */ = {
			isa = XCBuildConfiguration;
			buildSettings = {
				ALWAYS_SEARCH_USER_PATHS = NO;
				CLANG_ANALYZER_NONNULL = YES;
				CLANG_ANALYZER_NUMBER_OBJECT_CONVERSION = YES_AGGRESSIVE;
				CLANG_CXX_LANGUAGE_STANDARD = "gnu++14";
				CLANG_CXX_LIBRARY = "libc++";
				CLANG_ENABLE_MODULES = YES;
				CLANG_ENABLE_OBJC_ARC = YES;
				CLANG_ENABLE_OBJC_WEAK = YES;
				CLANG_WARN_BLOCK_CAPTURE_AUTORELEASING = YES;
				CLANG_WARN_BOOL_CONVERSION = YES;
				CLANG_WARN_COMMA = YES;
				CLANG_WARN_CONSTANT_CONVERSION = YES;
				CLANG_WARN_DEPRECATED_OBJC_IMPLEMENTATIONS = YES;
				CLANG_WARN_DIRECT_OBJC_ISA_USAGE = YES_ERROR;
				CLANG_WARN_DOCUMENTATION_COMMENTS = YES;
				CLANG_WARN_EMPTY_BODY = YES;
				CLANG_WARN_ENUM_CONVERSION = YES;
				CLANG_WARN_INFINITE_RECURSION = YES;
				CLANG_WARN_INT_CONVERSION = YES;
				CLANG_WARN_NON_LITERAL_NULL_CONVERSION = YES;
				CLANG_WARN_OBJC_IMPLICIT_RETAIN_SELF = YES;
				CLANG_WARN_OBJC_LITERAL_CONVERSION = YES;
				CLANG_WARN_OBJC_ROOT_CLASS = YES_ERROR;
				CLANG_WARN_RANGE_LOOP_ANALYSIS = YES;
				CLANG_WARN_STRICT_PROTOTYPES = YES;
				CLANG_WARN_SUSPICIOUS_MOVE = YES;
				CLANG_WARN_UNGUARDED_AVAILABILITY = YES_AGGRESSIVE;
				CLANG_WARN_UNREACHABLE_CODE = YES;
				CLANG_WARN__DUPLICATE_METHOD_MATCH = YES;
				COPY_PHASE_STRIP = NO;
				DEBUG_INFORMATION_FORMAT = dwarf;
				ENABLE_STRICT_OBJC_MSGSEND = YES;
				ENABLE_TESTABILITY = YES;
				GCC_C_LANGUAGE_STANDARD = gnu11;
				GCC_DYNAMIC_NO_PIC = NO;
				GCC_NO_COMMON_BLOCKS = YES;
				GCC_OPTIMIZATION_LEVEL = 0;
				GCC_PREPROCESSOR_DEFINITIONS = (
					"DEBUG=1",
					"$(inherited)",
				);
				GCC_WARN_64_TO_32_BIT_CONVERSION = YES;
				GCC_WARN_ABOUT_RETURN_TYPE = YES_ERROR;
				GCC_WARN_UNDECLARED_SELECTOR = YES;
				GCC_WARN_UNINITIALIZED_AUTOS = YES_AGGRESSIVE;
				GCC_WARN_UNUSED_FUNCTION = YES;
				GCC_WARN_UNUSED_VARIABLE = YES;
				IPHONEOS_DEPLOYMENT_TARGET = 13.4;
				MTL_ENABLE_DEBUG_INFO = INCLUDE_SOURCE;
				MTL_FAST_MATH = YES;
				ONLY_ACTIVE_ARCH = YES;
				SDKROOT = iphoneos;
				SWIFT_ACTIVE_COMPILATION_CONDITIONS = DEBUG;
				SWIFT_OPTIMIZATION_LEVEL = "-Onone";
			};
			name = Debug;
		};
		3D5D833A245E2EDE00C60AD3 /* Release */ = {
			isa = XCBuildConfiguration;
			buildSettings = {
				ALWAYS_SEARCH_USER_PATHS = NO;
				CLANG_ANALYZER_NONNULL = YES;
				CLANG_ANALYZER_NUMBER_OBJECT_CONVERSION = YES_AGGRESSIVE;
				CLANG_CXX_LANGUAGE_STANDARD = "gnu++14";
				CLANG_CXX_LIBRARY = "libc++";
				CLANG_ENABLE_MODULES = YES;
				CLANG_ENABLE_OBJC_ARC = YES;
				CLANG_ENABLE_OBJC_WEAK = YES;
				CLANG_WARN_BLOCK_CAPTURE_AUTORELEASING = YES;
				CLANG_WARN_BOOL_CONVERSION = YES;
				CLANG_WARN_COMMA = YES;
				CLANG_WARN_CONSTANT_CONVERSION = YES;
				CLANG_WARN_DEPRECATED_OBJC_IMPLEMENTATIONS = YES;
				CLANG_WARN_DIRECT_OBJC_ISA_USAGE = YES_ERROR;
				CLANG_WARN_DOCUMENTATION_COMMENTS = YES;
				CLANG_WARN_EMPTY_BODY = YES;
				CLANG_WARN_ENUM_CONVERSION = YES;
				CLANG_WARN_INFINITE_RECURSION = YES;
				CLANG_WARN_INT_CONVERSION = YES;
				CLANG_WARN_NON_LITERAL_NULL_CONVERSION = YES;
				CLANG_WARN_OBJC_IMPLICIT_RETAIN_SELF = YES;
				CLANG_WARN_OBJC_LITERAL_CONVERSION = YES;
				CLANG_WARN_OBJC_ROOT_CLASS = YES_ERROR;
				CLANG_WARN_RANGE_LOOP_ANALYSIS = YES;
				CLANG_WARN_STRICT_PROTOTYPES = YES;
				CLANG_WARN_SUSPICIOUS_MOVE = YES;
				CLANG_WARN_UNGUARDED_AVAILABILITY = YES_AGGRESSIVE;
				CLANG_WARN_UNREACHABLE_CODE = YES;
				CLANG_WARN__DUPLICATE_METHOD_MATCH = YES;
				COPY_PHASE_STRIP = NO;
				DEBUG_INFORMATION_FORMAT = "dwarf-with-dsym";
				ENABLE_NS_ASSERTIONS = NO;
				ENABLE_STRICT_OBJC_MSGSEND = YES;
				GCC_C_LANGUAGE_STANDARD = gnu11;
				GCC_NO_COMMON_BLOCKS = YES;
				GCC_WARN_64_TO_32_BIT_CONVERSION = YES;
				GCC_WARN_ABOUT_RETURN_TYPE = YES_ERROR;
				GCC_WARN_UNDECLARED_SELECTOR = YES;
				GCC_WARN_UNINITIALIZED_AUTOS = YES_AGGRESSIVE;
				GCC_WARN_UNUSED_FUNCTION = YES;
				GCC_WARN_UNUSED_VARIABLE = YES;
				IPHONEOS_DEPLOYMENT_TARGET = 13.4;
				MTL_ENABLE_DEBUG_INFO = NO;
				MTL_FAST_MATH = YES;
				SDKROOT = iphoneos;
				SWIFT_COMPILATION_MODE = wholemodule;
				SWIFT_OPTIMIZATION_LEVEL = "-O";
				VALIDATE_PRODUCT = YES;
			};
			name = Release;
		};
		3D5D833C245E2EDE00C60AD3 /* Debug */ = {
			isa = XCBuildConfiguration;
			baseConfigurationReference = 4457CD6A58110F4CA3CC59F6 /* Pods-InstagramCloneIOS.debug.xcconfig */;
			buildSettings = {
				ASSETCATALOG_COMPILER_APPICON_NAME = AppIcon;
				CODE_SIGN_STYLE = Automatic;
				INFOPLIST_FILE = InstagramCloneIOS/Info.plist;
				LD_RUNPATH_SEARCH_PATHS = (
					"$(inherited)",
					"@executable_path/Frameworks",
				);
				PRODUCT_BUNDLE_IDENTIFIER = com.okan.serdaroglu.InstagramCloneIOS;
				PRODUCT_NAME = "$(TARGET_NAME)";
				SWIFT_VERSION = 5.0;
				TARGETED_DEVICE_FAMILY = "1,2";
			};
			name = Debug;
		};
		3D5D833D245E2EDE00C60AD3 /* Release */ = {
			isa = XCBuildConfiguration;
			baseConfigurationReference = A7A61FC26CE470FB0163F898 /* Pods-InstagramCloneIOS.release.xcconfig */;
			buildSettings = {
				ASSETCATALOG_COMPILER_APPICON_NAME = AppIcon;
				CODE_SIGN_STYLE = Automatic;
				INFOPLIST_FILE = InstagramCloneIOS/Info.plist;
				LD_RUNPATH_SEARCH_PATHS = (
					"$(inherited)",
					"@executable_path/Frameworks",
				);
				PRODUCT_BUNDLE_IDENTIFIER = com.okan.serdaroglu.InstagramCloneIOS;
				PRODUCT_NAME = "$(TARGET_NAME)";
				SWIFT_VERSION = 5.0;
				TARGETED_DEVICE_FAMILY = "1,2";
			};
			name = Release;
		};
/* End XCBuildConfiguration section */

/* Begin XCConfigurationList section */
		3D5D8322245E2ED900C60AD3 /* Build configuration list for PBXProject "InstagramCloneIOS" */ = {
			isa = XCConfigurationList;
			buildConfigurations = (
				3D5D8339245E2EDE00C60AD3 /* Debug */,
				3D5D833A245E2EDE00C60AD3 /* Release */,
			);
			defaultConfigurationIsVisible = 0;
			defaultConfigurationName = Release;
		};
		3D5D833B245E2EDE00C60AD3 /* Build configuration list for PBXNativeTarget "InstagramCloneIOS" */ = {
			isa = XCConfigurationList;
			buildConfigurations = (
				3D5D833C245E2EDE00C60AD3 /* Debug */,
				3D5D833D245E2EDE00C60AD3 /* Release */,
			);
			defaultConfigurationIsVisible = 0;
			defaultConfigurationName = Release;
		};
/* End XCConfigurationList section */
	};
	rootObject = 3D5D831F245E2ED900C60AD3 /* Project object */;
}
